<?xml version="1.0" encoding="utf-8"?>
<Project ToolsVersion="4.0" xmlns="http://schemas.microsoft.com/developer/msbuild/2003">
  <ItemGroup>
    <Filter Include="Исходные файлы">
      <UniqueIdentifier>{4FC737F1-C7A5-4376-A066-2A32D752A2FF}</UniqueIdentifier>
      <Extensions>cpp;c;cc;cxx;def;odl;idl;hpj;bat;asm;asmx</Extensions>
    </Filter>
    <Filter Include="Файлы заголовков">
      <UniqueIdentifier>{93995380-89BD-4b04-88EB-625FBE52EBFB}</UniqueIdentifier>
      <Extensions>h;hh;hpp;hxx;hm;inl;inc;ipp;xsd</Extensions>
    </Filter>
    <Filter Include="Файлы ресурсов">
      <UniqueIdentifier>{67DA6AB6-F800-4c08-8B7A-83BB121AAD01}</UniqueIdentifier>
      <Extensions>rc;ico;cur;bmp;dlg;rc2;rct;bin;rgs;gif;jpg;jpeg;jpe;resx;tiff;tif;png;wav;mfcribbon-ms</Extensions>
    </Filter>
    <Filter Include="Game">
      <UniqueIdentifier>{b573e67b-0e2e-47d3-b1de-1ec529dfa8c6}</UniqueIdentifier>
    </Filter>
    <Filter Include="Game\H">
      <UniqueIdentifier>{fa802742-790b-4eae-872a-cef815e9ac52}</UniqueIdentifier>
    </Filter>
    <Filter Include="Game\CPP">
      <UniqueIdentifier>{64324044-7e52-4e9f-aa9b-d137bb80ddfc}</UniqueIdentifier>
    </Filter>
    <Filter Include="WindowEntities">
      <UniqueIdentifier>{ff5ed8d1-8a4c-4b70-b1a1-cd7536f016d5}</UniqueIdentifier>
    </Filter>
    <Filter Include="WindowEntities\H">
      <UniqueIdentifier>{16ceceaa-38fa-4049-9126-c2546d02a4d9}</UniqueIdentifier>
    </Filter>
    <Filter Include="WindowEntities\CPP">
      <UniqueIdentifier>{5a92dfff-8917-45ba-916b-f7dd879ff3fd}</UniqueIdentifier>
    </Filter>
    <Filter Include="WindowEntities\Layouts">
      <UniqueIdentifier>{a14963fa-fcc0-47d8-95a6-0ccce9c5edd5}</UniqueIdentifier>
    </Filter>
    <Filter Include="WindowEntities\Layouts\H">
      <UniqueIdentifier>{ba9497f1-2ffc-48a5-90d0-9cf8b5347e36}</UniqueIdentifier>
    </Filter>
    <Filter Include="WindowEntities\Layouts\CPP">
      <UniqueIdentifier>{40e3b123-f87b-400b-9c69-74b05e27a84f}</UniqueIdentifier>
    </Filter>
    <Filter Include="GlobalEntities">
      <UniqueIdentifier>{6f8a6085-fe93-4ab9-aad6-763eae7fafa8}</UniqueIdentifier>
    </Filter>
    <Filter Include="GlobalEntities\H">
      <UniqueIdentifier>{626b232e-e504-4de1-ad60-88c077e8ebdf}</UniqueIdentifier>
    </Filter>
    <Filter Include="GlobalEntities\CPP">
      <UniqueIdentifier>{feb667b5-27bd-4e72-8689-7ec04ff713bd}</UniqueIdentifier>
    </Filter>
    <Filter Include="Configurations">
      <UniqueIdentifier>{d3e61325-12d7-4ee5-90ea-9877ae900eac}</UniqueIdentifier>
    </Filter>
    <Filter Include="Configurations\H">
      <UniqueIdentifier>{0a6e566e-3af8-425b-b2a1-4d7df8088002}</UniqueIdentifier>
    </Filter>
    <Filter Include="Configurations\CPP">
      <UniqueIdentifier>{042dfb0a-2fa2-43f7-91b6-15a96ca12fdf}</UniqueIdentifier>
    </Filter>
    <Filter Include="Game\TurnState">
      <UniqueIdentifier>{52274334-0cf9-4e5c-8497-583d6b104ee8}</UniqueIdentifier>
    </Filter>
    <Filter Include="Game\TurnState\H">
      <UniqueIdentifier>{169b7cee-8737-4a86-8af4-3f875f206343}</UniqueIdentifier>
    </Filter>
    <Filter Include="Game\TurnState\CPP">
      <UniqueIdentifier>{a11657a8-d79f-455b-8ddb-9d4a24154a70}</UniqueIdentifier>
    </Filter>
    <Filter Include="Game\GameObjects">
      <UniqueIdentifier>{0ebe3ec0-d1a2-47fd-80da-3c357e5552f4}</UniqueIdentifier>
    </Filter>
    <Filter Include="Game\GameObjects\H">
      <UniqueIdentifier>{df00c5a3-eea0-4192-bba8-5ee3fa1a67f8}</UniqueIdentifier>
    </Filter>
    <Filter Include="Game\GameObjects\CPP">
      <UniqueIdentifier>{8eb8a6af-4c20-4705-8e79-ab20d6ba3d3a}</UniqueIdentifier>
    </Filter>
    <Filter Include="Game\GameObjects\Properties">
      <UniqueIdentifier>{18ffd83a-a932-4870-9087-26176a3799c0}</UniqueIdentifier>
    </Filter>
    <Filter Include="Game\GameObjects\Components">
      <UniqueIdentifier>{93c5d1a1-7a4c-4f31-bb9f-3a52251929cc}</UniqueIdentifier>
    </Filter>
    <Filter Include="Game\GameObjects\Components\H">
      <UniqueIdentifier>{fa30e437-f6ea-4ae7-8277-8b6d9f522fb1}</UniqueIdentifier>
    </Filter>
    <Filter Include="Game\GameObjects\Components\CPP">
      <UniqueIdentifier>{44595078-2390-4b41-bc4f-abfede40a78c}</UniqueIdentifier>
    </Filter>
    <Filter Include="Game\GameObjects\Properties\H">
      <UniqueIdentifier>{4a5da149-3991-49c9-9568-3bb914b39409}</UniqueIdentifier>
    </Filter>
    <Filter Include="Game\GameObjects\Properties\CPP">
      <UniqueIdentifier>{51b7e08f-6ef3-43d2-8de0-0ce321f87c02}</UniqueIdentifier>
    </Filter>
    <Filter Include="Game\GameObjects\WormStates">
      <UniqueIdentifier>{4f844f3e-33fd-4369-af34-daae22ff0196}</UniqueIdentifier>
    </Filter>
    <Filter Include="Game\GameObjects\WormStates\H">
      <UniqueIdentifier>{b6219eb4-11c5-4c75-9ae5-a55c97ec7275}</UniqueIdentifier>
    </Filter>
    <Filter Include="Game\GameObjects\WormStates\CPP">
      <UniqueIdentifier>{700a3bcf-a403-42ed-8898-a425bf3ece8e}</UniqueIdentifier>
    </Filter>
    <Filter Include="Game\GameObjects\WeaponStates">
      <UniqueIdentifier>{7bf4a61a-b1d9-4636-a5ea-0a6aa48b63d1}</UniqueIdentifier>
    </Filter>
    <Filter Include="Game\GameObjects\WeaponStates\H">
      <UniqueIdentifier>{05de2181-fce4-4939-bc8c-29434e749720}</UniqueIdentifier>
    </Filter>
    <Filter Include="Game\GameObjects\WeaponStates\CPP">
      <UniqueIdentifier>{d6174b94-1d33-4d01-a791-51cbe8f05bbb}</UniqueIdentifier>
    </Filter>
  </ItemGroup>
  <ItemGroup>
    <ClCompile Include="main.cpp">
      <Filter>Исходные файлы</Filter>
    </ClCompile>
    <ClCompile Include="Game.cpp">
      <Filter>Game\CPP</Filter>
    </ClCompile>
    <ClCompile Include="StateButton.cpp">
      <Filter>WindowEntities\CPP</Filter>
    </ClCompile>
    <ClCompile Include="Layout.cpp">
      <Filter>WindowEntities\CPP</Filter>
    </ClCompile>
    <ClCompile Include="Button.cpp">
      <Filter>WindowEntities\CPP</Filter>
    </ClCompile>
    <ClCompile Include="ApplicationState.cpp">
      <Filter>Game\CPP</Filter>
    </ClCompile>
    <ClCompile Include="UiState.cpp">
      <Filter>Game\CPP</Filter>
    </ClCompile>
    <ClCompile Include="LayoutObject.cpp">
      <Filter>WindowEntities\CPP</Filter>
    </ClCompile>
    <ClCompile Include="GameSettingsMenuLayout.cpp">
      <Filter>WindowEntities\Layouts\CPP</Filter>
    </ClCompile>
    <ClCompile Include="LoadMenuLayout.cpp">
      <Filter>WindowEntities\Layouts\CPP</Filter>
    </ClCompile>
    <ClCompile Include="MainMenuLayout.cpp">
      <Filter>WindowEntities\Layouts\CPP</Filter>
    </ClCompile>
    <ClCompile Include="MapSettingsMenuLayout.cpp">
      <Filter>WindowEntities\Layouts\CPP</Filter>
    </ClCompile>
    <ClCompile Include="TeamsSettingsMenuLayout.cpp">
      <Filter>WindowEntities\Layouts\CPP</Filter>
    </ClCompile>
    <ClCompile Include="WeaponSettingsMenuLayout.cpp">
      <Filter>WindowEntities\Layouts\CPP</Filter>
    </ClCompile>
    <ClCompile Include="Singleton.cpp">
      <Filter>GlobalEntities\CPP</Filter>
    </ClCompile>
    <ClCompile Include="StaticPicture.cpp">
      <Filter>WindowEntities\CPP</Filter>
    </ClCompile>
    <ClCompile Include="GameState.cpp">
      <Filter>Game\CPP</Filter>
    </ClCompile>
    <ClCompile Include="Configurations.cpp">
      <Filter>Configurations\CPP</Filter>
    </ClCompile>
    <ClCompile Include="GameConfigurations.cpp">
      <Filter>Configurations\CPP</Filter>
    </ClCompile>
    <ClCompile Include="GameMap.cpp">
      <Filter>Configurations\CPP</Filter>
    </ClCompile>
    <ClCompile Include="TeamsConfigurations.cpp">
      <Filter>Configurations\CPP</Filter>
    </ClCompile>
    <ClCompile Include="WeaponConfigurations.cpp">
      <Filter>Configurations\CPP</Filter>
    </ClCompile>
    <ClCompile Include="MapCanvas.cpp">
      <Filter>WindowEntities\CPP</Filter>
    </ClCompile>
    <ClCompile Include="NewGameMenuLayout.cpp">
      <Filter>WindowEntities\Layouts\CPP</Filter>
    </ClCompile>
    <ClCompile Include="WaitingState.cpp">
      <Filter>Game\TurnState\CPP</Filter>
    </ClCompile>
    <ClCompile Include="TurnState.cpp">
      <Filter>Game\TurnState\CPP</Filter>
    </ClCompile>
    <ClCompile Include="PlayingState.cpp">
      <Filter>Game\TurnState\CPP</Filter>
    </ClCompile>
    <ClCompile Include="EndTurnState.cpp">
      <Filter>Game\TurnState\CPP</Filter>
    </ClCompile>
    <ClCompile Include="EndGameState.cpp">
      <Filter>Game\TurnState\CPP</Filter>
    </ClCompile>
    <ClCompile Include="DynamicObject.cpp">
      <Filter>Game\GameObjects\Properties\CPP</Filter>
    </ClCompile>
    <ClCompile Include="GameObject.cpp">
      <Filter>Game\GameObjects\Properties\CPP</Filter>
    </ClCompile>
    <ClCompile Include="IteractableObject.cpp">
      <Filter>Game\GameObjects\Properties\CPP</Filter>
    </ClCompile>
    <ClCompile Include="PlayableObject.cpp">
      <Filter>Game\GameObjects\Properties\CPP</Filter>
    </ClCompile>
    <ClCompile Include="GraphicsComponent.cpp">
      <Filter>Game\GameObjects\Components\CPP</Filter>
    </ClCompile>
    <ClCompile Include="HealthComponent.cpp">
      <Filter>Game\GameObjects\Components\CPP</Filter>
    </ClCompile>
    <ClCompile Include="WeaponComponent.cpp">
      <Filter>Game\GameObjects\Components\CPP</Filter>
    </ClCompile>
    <ClCompile Include="ExplodableObject.cpp">
      <Filter>Game\GameObjects\Properties\CPP</Filter>
    </ClCompile>
    <ClCompile Include="AirDrop.cpp">
      <Filter>Game\GameObjects\CPP</Filter>
    </ClCompile>
    <ClCompile Include="Bomb.cpp">
      <Filter>Game\GameObjects\CPP</Filter>
    </ClCompile>
    <ClCompile Include="Worm.cpp">
      <Filter>Game\GameObjects\CPP</Filter>
    </ClCompile>
    <ClCompile Include="ObjectState.cpp">
      <Filter>Game\GameObjects\CPP</Filter>
    </ClCompile>
    <ClCompile Include="WaitWormState.cpp">
      <Filter>Game\GameObjects\WormStates\CPP</Filter>
    </ClCompile>
  </ItemGroup>
  <ItemGroup>
    <ClInclude Include="Game.h">
      <Filter>Game\H</Filter>
    </ClInclude>
    <ClInclude Include="StateButton.h">
      <Filter>WindowEntities\H</Filter>
    </ClInclude>
    <ClInclude Include="Layout.h">
      <Filter>WindowEntities\H</Filter>
    </ClInclude>
    <ClInclude Include="Button.h">
      <Filter>WindowEntities\H</Filter>
    </ClInclude>
    <ClInclude Include="ApplicationState.h">
      <Filter>Game\H</Filter>
    </ClInclude>
    <ClInclude Include="UiState.h">
      <Filter>Game\H</Filter>
    </ClInclude>
    <ClInclude Include="LayoutObject.h">
      <Filter>WindowEntities\H</Filter>
    </ClInclude>
    <ClInclude Include="GameSettingsMenuLayout.h">
      <Filter>WindowEntities\Layouts\H</Filter>
    </ClInclude>
    <ClInclude Include="LoadMenuLayout.h">
      <Filter>WindowEntities\Layouts\H</Filter>
    </ClInclude>
    <ClInclude Include="MainMenuLayout.h">
      <Filter>WindowEntities\Layouts\H</Filter>
    </ClInclude>
    <ClInclude Include="MapSettingsMenuLayout.h">
      <Filter>WindowEntities\Layouts\H</Filter>
    </ClInclude>
    <ClInclude Include="TeamsSettingsMenuLayout.h">
      <Filter>WindowEntities\Layouts\H</Filter>
    </ClInclude>
    <ClInclude Include="WeaponSettingsMenuLayout.h">
      <Filter>WindowEntities\Layouts\H</Filter>
    </ClInclude>
    <ClInclude Include="Singleton.h">
      <Filter>GlobalEntities\H</Filter>
    </ClInclude>
    <ClInclude Include="StaticPicture.h">
      <Filter>WindowEntities\H</Filter>
    </ClInclude>
    <ClInclude Include="GameState.h">
      <Filter>Game\H</Filter>
    </ClInclude>
    <ClInclude Include="WeaponConfigurations.h">
      <Filter>Configurations\H</Filter>
    </ClInclude>
    <ClInclude Include="TeamsConfigurations.h">
      <Filter>Configurations\H</Filter>
    </ClInclude>
    <ClInclude Include="GameMap.h">
      <Filter>Configurations\H</Filter>
    </ClInclude>
    <ClInclude Include="GameConfigurations.h">
      <Filter>Configurations\H</Filter>
    </ClInclude>
    <ClInclude Include="Configurations.h">
      <Filter>Configurations\H</Filter>
    </ClInclude>
    <ClInclude Include="MapCanvas.h">
      <Filter>WindowEntities\H</Filter>
    </ClInclude>
    <ClInclude Include="NewGameMenuLayout.h">
      <Filter>WindowEntities\Layouts\H</Filter>
    </ClInclude>
    <ClInclude Include="EndGameState.h">
      <Filter>Game\TurnState\H</Filter>
    </ClInclude>
    <ClInclude Include="EndTurnState.h">
      <Filter>Game\TurnState\H</Filter>
    </ClInclude>
    <ClInclude Include="PlayingState.h">
      <Filter>Game\TurnState\H</Filter>
    </ClInclude>
    <ClInclude Include="TurnState.h">
      <Filter>Game\TurnState\H</Filter>
    </ClInclude>
    <ClInclude Include="WaitingState.h">
      <Filter>Game\TurnState\H</Filter>
    </ClInclude>
    <ClInclude Include="DynamicObject.h">
      <Filter>Game\GameObjects\Properties\H</Filter>
    </ClInclude>
    <ClInclude Include="GameObject.h">
      <Filter>Game\GameObjects\Properties\H</Filter>
    </ClInclude>
    <ClInclude Include="IteractableObject.h">
      <Filter>Game\GameObjects\Properties\H</Filter>
    </ClInclude>
    <ClInclude Include="PlayableObject.h">
      <Filter>Game\GameObjects\Properties\H</Filter>
    </ClInclude>
    <ClInclude Include="GraphicsComponent.h">
      <Filter>Game\GameObjects\Components\H</Filter>
    </ClInclude>
    <ClInclude Include="HealthComponent.h">
      <Filter>Game\GameObjects\Components\H</Filter>
    </ClInclude>
    <ClInclude Include="WeaponComponent.h">
      <Filter>Game\GameObjects\Components\H</Filter>
    </ClInclude>
    <ClInclude Include="ExplodableObject.h">
      <Filter>Game\GameObjects\Properties\H</Filter>
    </ClInclude>
    <ClInclude Include="AirDrop.h">
      <Filter>Game\GameObjects\H</Filter>
    </ClInclude>
    <ClInclude Include="Bomb.h">
      <Filter>Game\GameObjects\H</Filter>
    </ClInclude>
    <ClInclude Include="Worm.h">
      <Filter>Game\GameObjects\H</Filter>
    </ClInclude>
    <ClInclude Include="ObjectState.h">
      <Filter>Game\GameObjects\H</Filter>
    </ClInclude>
    <ClInclude Include="WaitWormState.h">
      <Filter>Game\GameObjects\WormStates\H</Filter>
    </ClInclude>
  </ItemGroup>
  <ItemGroup>
    <None Include="packages.config" />
  </ItemGroup>
</Project>